
Microsoft Visual Studio Solution File, Format Version 12.00
# Visual Studio 15
VisualStudioVersion = 15.0.27703.2042
MinimumVisualStudioVersion = 10.0.40219.1
Project("{FAE04EC0-301F-11D3-BF4B-00C04F79EFBC}") = "Dublettenprüfung", "Dublettenprüfung\Dublettenprüfung.csproj", "{F14A8A6B-8F07-4716-A4CB-CAB366444DF6}"
EndProject
Project("{9A19103F-16F7-4668-BE54-9A1E7A4F7556}") = "Dublettenprüfung.Tests", "Dublettenprüfung.Tests\Dublettenprüfung.Tests.csproj", "{C14D1D6C-04E2-41D0-B7A1-2832DE443191}"
EndProject
Global
	GlobalSection(SolutionConfigurationPlatforms) = preSolution
		Debug|Any CPU = Debug|Any CPU
		Release|Any CPU = Release|Any CPU
	EndGlobalSection
	GlobalSection(ProjectConfigurationPlatforms) = postSolution
		{F14A8A6B-8F07-4716-A4CB-CAB366444DF6}.Debug|Any CPU.ActiveCfg = Debug|Any CPU
		{F14A8A6B-8F07-4716-A4CB-CAB366444DF6}.Debug|Any CPU.Build.0 = Debug|Any CPU
		{F14A8A6B-8F07-4716-A4CB-CAB366444DF6}.Release|Any CPU.ActiveCfg = Release|Any CPU
		{F14A8A6B-8F07-4716-A4CB-CAB366444DF6}.Release|Any CPU.Build.0 = Release|Any CPU
		{C14D1D6C-04E2-41D0-B7A1-2832DE443191}.Debug|Any CPU.ActiveCfg = Debug|Any CPU
		{C14D1D6C-04E2-41D0-B7A1-2832DE443191}.Debug|Any CPU.Build.0 = Debug|Any CPU
		{C14D1D6C-04E2-41D0-B7A1-2832DE443191}.Release|Any CPU.ActiveCfg = Release|Any CPU
		{C14D1D6C-04E2-41D0-B7A1-2832DE443191}.Release|Any CPU.Build.0 = Release|Any CPU
	EndGlobalSection
	GlobalSection(SolutionProperties) = preSolution
		HideSolutionNode = FALSE
	EndGlobalSection
	GlobalSection(ExtensibilityGlobals) = postSolution
		SolutionGuid = {AD41B001-1B62-46DC-96C2-D5FE38021441}
	EndGlobalSection
EndGlobal
